
Microsoft Visual Studio Solution File, Format Version 12.00
# Visual Studio 15
VisualStudioVersion = 15.0.26228.9
MinimumVisualStudioVersion = 10.0.40219.1
Project("{2150E333-8FDC-42A3-9474-1A3956D46DE8}") = "Web", "Web", "{7584B841-B8E0-4D97-B7BD-C364B6F45D62}"
	ProjectSection(SolutionItems) = preProject
		package.xml = package.xml
	EndProjectSection
EndProject
Project("{2150E333-8FDC-42A3-9474-1A3956D46DE8}") = "Tests", "Tests", "{094BA920-B416-40E5-8391-D807F575286E}"
EndProject
Project("{2150E333-8FDC-42A3-9474-1A3956D46DE8}") = "Infrastructure", "Infrastructure", "{B1A907A1-2CE7-43F5-97D7-9867B6EEA280}"
EndProject
Project("{FAE04EC0-301F-11D3-BF4B-00C04F79EFBC}") = "Core", "Infrastructure\Core\Core.csproj", "{AC852E44-F72D-4467-8519-DEC781FC34CE}"
EndProject
Project("{FAE04EC0-301F-11D3-BF4B-00C04F79EFBC}") = "Web", "Web\Web.csproj", "{53A967A2-AED3-4335-A7C8-39096C6525B3}"
EndProject
Project("{FAE04EC0-301F-11D3-BF4B-00C04F79EFBC}") = "Tests", "Tests\Tests.csproj", "{C76CE80C-C016-4A02-A45C-4FD5EDA8CC9A}"
EndProject
Project("{FAE04EC0-301F-11D3-BF4B-00C04F79EFBC}") = "SharpAuth0", "Infrastructure\SharpAuth0\SharpAuth0.csproj", "{DB32E988-BC7B-4251-9C0C-C8168807E0C4}"
EndProject
Project("{FAE04EC0-301F-11D3-BF4B-00C04F79EFBC}") = "Data", "Infrastructure\Data\Data.csproj", "{5FEE7940-52B5-41B5-975E-FEA53D6075C4}"
EndProject
Global
	GlobalSection(SolutionConfigurationPlatforms) = preSolution
		CD_ROM|Any CPU = CD_ROM|Any CPU
		CD_ROM|x64 = CD_ROM|x64
		CD_ROM|x86 = CD_ROM|x86
		Debug|Any CPU = Debug|Any CPU
		Debug|x64 = Debug|x64
		Debug|x86 = Debug|x86
		DVD-5|Any CPU = DVD-5|Any CPU
		DVD-5|x64 = DVD-5|x64
		DVD-5|x86 = DVD-5|x86
		Release|Any CPU = Release|Any CPU
		Release|x64 = Release|x64
		Release|x86 = Release|x86
		SingleImage|Any CPU = SingleImage|Any CPU
		SingleImage|x64 = SingleImage|x64
		SingleImage|x86 = SingleImage|x86
		Staging|Any CPU = Staging|Any CPU
		Staging|x64 = Staging|x64
		Staging|x86 = Staging|x86
	EndGlobalSection
	GlobalSection(ProjectConfigurationPlatforms) = postSolution
		{AC852E44-F72D-4467-8519-DEC781FC34CE}.CD_ROM|Any CPU.ActiveCfg = Release|Any CPU
		{AC852E44-F72D-4467-8519-DEC781FC34CE}.CD_ROM|Any CPU.Build.0 = Release|Any CPU
		{AC852E44-F72D-4467-8519-DEC781FC34CE}.CD_ROM|x64.ActiveCfg = Release|Any CPU
		{AC852E44-F72D-4467-8519-DEC781FC34CE}.CD_ROM|x64.Build.0 = Release|Any CPU
		{AC852E44-F72D-4467-8519-DEC781FC34CE}.CD_ROM|x86.ActiveCfg = Release|Any CPU
		{AC852E44-F72D-4467-8519-DEC781FC34CE}.CD_ROM|x86.Build.0 = Release|Any CPU
		{AC852E44-F72D-4467-8519-DEC781FC34CE}.Debug|Any CPU.ActiveCfg = Debug|Any CPU
		{AC852E44-F72D-4467-8519-DEC781FC34CE}.Debug|Any CPU.Build.0 = Debug|Any CPU
		{AC852E44-F72D-4467-8519-DEC781FC34CE}.Debug|x64.ActiveCfg = Debug|Any CPU
		{AC852E44-F72D-4467-8519-DEC781FC34CE}.Debug|x64.Build.0 = Debug|Any CPU
		{AC852E44-F72D-4467-8519-DEC781FC34CE}.Debug|x86.ActiveCfg = Debug|Any CPU
		{AC852E44-F72D-4467-8519-DEC781FC34CE}.Debug|x86.Build.0 = Debug|Any CPU
		{AC852E44-F72D-4467-8519-DEC781FC34CE}.DVD-5|Any CPU.ActiveCfg = Debug|Any CPU
		{AC852E44-F72D-4467-8519-DEC781FC34CE}.DVD-5|Any CPU.Build.0 = Debug|Any CPU
		{AC852E44-F72D-4467-8519-DEC781FC34CE}.DVD-5|x64.ActiveCfg = Debug|Any CPU
		{AC852E44-F72D-4467-8519-DEC781FC34CE}.DVD-5|x64.Build.0 = Debug|Any CPU
		{AC852E44-F72D-4467-8519-DEC781FC34CE}.DVD-5|x86.ActiveCfg = Debug|Any CPU
		{AC852E44-F72D-4467-8519-DEC781FC34CE}.DVD-5|x86.Build.0 = Debug|Any CPU
		{AC852E44-F72D-4467-8519-DEC781FC34CE}.Release|Any CPU.ActiveCfg = Release|Any CPU
		{AC852E44-F72D-4467-8519-DEC781FC34CE}.Release|Any CPU.Build.0 = Release|Any CPU
		{AC852E44-F72D-4467-8519-DEC781FC34CE}.Release|x64.ActiveCfg = Release|Any CPU
		{AC852E44-F72D-4467-8519-DEC781FC34CE}.Release|x64.Build.0 = Release|Any CPU
		{AC852E44-F72D-4467-8519-DEC781FC34CE}.Release|x86.ActiveCfg = Release|Any CPU
		{AC852E44-F72D-4467-8519-DEC781FC34CE}.Release|x86.Build.0 = Release|Any CPU
		{AC852E44-F72D-4467-8519-DEC781FC34CE}.SingleImage|Any CPU.ActiveCfg = Release|Any CPU
		{AC852E44-F72D-4467-8519-DEC781FC34CE}.SingleImage|Any CPU.Build.0 = Release|Any CPU
		{AC852E44-F72D-4467-8519-DEC781FC34CE}.SingleImage|x64.ActiveCfg = Release|Any CPU
		{AC852E44-F72D-4467-8519-DEC781FC34CE}.SingleImage|x64.Build.0 = Release|Any CPU
		{AC852E44-F72D-4467-8519-DEC781FC34CE}.SingleImage|x86.ActiveCfg = Release|Any CPU
		{AC852E44-F72D-4467-8519-DEC781FC34CE}.SingleImage|x86.Build.0 = Release|Any CPU
		{AC852E44-F72D-4467-8519-DEC781FC34CE}.Staging|Any CPU.ActiveCfg = Staging|Any CPU
		{AC852E44-F72D-4467-8519-DEC781FC34CE}.Staging|Any CPU.Build.0 = Staging|Any CPU
		{AC852E44-F72D-4467-8519-DEC781FC34CE}.Staging|x64.ActiveCfg = Staging|Any CPU
		{AC852E44-F72D-4467-8519-DEC781FC34CE}.Staging|x64.Build.0 = Staging|Any CPU
		{AC852E44-F72D-4467-8519-DEC781FC34CE}.Staging|x86.ActiveCfg = Staging|Any CPU
		{AC852E44-F72D-4467-8519-DEC781FC34CE}.Staging|x86.Build.0 = Staging|Any CPU
		{53A967A2-AED3-4335-A7C8-39096C6525B3}.CD_ROM|Any CPU.ActiveCfg = Testing|Any CPU
		{53A967A2-AED3-4335-A7C8-39096C6525B3}.CD_ROM|Any CPU.Build.0 = Testing|Any CPU
		{53A967A2-AED3-4335-A7C8-39096C6525B3}.CD_ROM|x64.ActiveCfg = Testing|Any CPU
		{53A967A2-AED3-4335-A7C8-39096C6525B3}.CD_ROM|x64.Build.0 = Testing|Any CPU
		{53A967A2-AED3-4335-A7C8-39096C6525B3}.CD_ROM|x86.ActiveCfg = Testing|Any CPU
		{53A967A2-AED3-4335-A7C8-39096C6525B3}.CD_ROM|x86.Build.0 = Testing|Any CPU
		{53A967A2-AED3-4335-A7C8-39096C6525B3}.Debug|Any CPU.ActiveCfg = Debug|Any CPU
		{53A967A2-AED3-4335-A7C8-39096C6525B3}.Debug|Any CPU.Build.0 = Debug|Any CPU
		{53A967A2-AED3-4335-A7C8-39096C6525B3}.Debug|x64.ActiveCfg = Debug|Any CPU
		{53A967A2-AED3-4335-A7C8-39096C6525B3}.Debug|x64.Build.0 = Debug|Any CPU
		{53A967A2-AED3-4335-A7C8-39096C6525B3}.Debug|x86.ActiveCfg = Debug|Any CPU
		{53A967A2-AED3-4335-A7C8-39096C6525B3}.Debug|x86.Build.0 = Debug|Any CPU
		{53A967A2-AED3-4335-A7C8-39096C6525B3}.DVD-5|Any CPU.ActiveCfg = Debug|Any CPU
		{53A967A2-AED3-4335-A7C8-39096C6525B3}.DVD-5|Any CPU.Build.0 = Debug|Any CPU
		{53A967A2-AED3-4335-A7C8-39096C6525B3}.DVD-5|x64.ActiveCfg = Debug|Any CPU
		{53A967A2-AED3-4335-A7C8-39096C6525B3}.DVD-5|x64.Build.0 = Debug|Any CPU
		{53A967A2-AED3-4335-A7C8-39096C6525B3}.DVD-5|x86.ActiveCfg = Debug|Any CPU
		{53A967A2-AED3-4335-A7C8-39096C6525B3}.DVD-5|x86.Build.0 = Debug|Any CPU
		{53A967A2-AED3-4335-A7C8-39096C6525B3}.Release|Any CPU.ActiveCfg = Release|Any CPU
		{53A967A2-AED3-4335-A7C8-39096C6525B3}.Release|Any CPU.Build.0 = Release|Any CPU
		{53A967A2-AED3-4335-A7C8-39096C6525B3}.Release|x64.ActiveCfg = Release|Any CPU
		{53A967A2-AED3-4335-A7C8-39096C6525B3}.Release|x64.Build.0 = Release|Any CPU
		{53A967A2-AED3-4335-A7C8-39096C6525B3}.Release|x86.ActiveCfg = Release|Any CPU
		{53A967A2-AED3-4335-A7C8-39096C6525B3}.Release|x86.Build.0 = Release|Any CPU
		{53A967A2-AED3-4335-A7C8-39096C6525B3}.SingleImage|Any CPU.ActiveCfg = Testing|Any CPU
		{53A967A2-AED3-4335-A7C8-39096C6525B3}.SingleImage|Any CPU.Build.0 = Testing|Any CPU
		{53A967A2-AED3-4335-A7C8-39096C6525B3}.SingleImage|x64.ActiveCfg = Testing|Any CPU
		{53A967A2-AED3-4335-A7C8-39096C6525B3}.SingleImage|x64.Build.0 = Testing|Any CPU
		{53A967A2-AED3-4335-A7C8-39096C6525B3}.SingleImage|x86.ActiveCfg = Testing|Any CPU
		{53A967A2-AED3-4335-A7C8-39096C6525B3}.SingleImage|x86.Build.0 = Testing|Any CPU
		{53A967A2-AED3-4335-A7C8-39096C6525B3}.Staging|Any CPU.ActiveCfg = Staging|Any CPU
		{53A967A2-AED3-4335-A7C8-39096C6525B3}.Staging|Any CPU.Build.0 = Staging|Any CPU
		{53A967A2-AED3-4335-A7C8-39096C6525B3}.Staging|x64.ActiveCfg = Staging|Any CPU
		{53A967A2-AED3-4335-A7C8-39096C6525B3}.Staging|x64.Build.0 = Staging|Any CPU
		{53A967A2-AED3-4335-A7C8-39096C6525B3}.Staging|x86.ActiveCfg = Staging|Any CPU
		{53A967A2-AED3-4335-A7C8-39096C6525B3}.Staging|x86.Build.0 = Staging|Any CPU
		{C76CE80C-C016-4A02-A45C-4FD5EDA8CC9A}.CD_ROM|Any CPU.ActiveCfg = Testing|Any CPU
		{C76CE80C-C016-4A02-A45C-4FD5EDA8CC9A}.CD_ROM|Any CPU.Build.0 = Testing|Any CPU
		{C76CE80C-C016-4A02-A45C-4FD5EDA8CC9A}.CD_ROM|x64.ActiveCfg = Testing|Any CPU
		{C76CE80C-C016-4A02-A45C-4FD5EDA8CC9A}.CD_ROM|x64.Build.0 = Testing|Any CPU
		{C76CE80C-C016-4A02-A45C-4FD5EDA8CC9A}.CD_ROM|x86.ActiveCfg = Testing|Any CPU
		{C76CE80C-C016-4A02-A45C-4FD5EDA8CC9A}.CD_ROM|x86.Build.0 = Testing|Any CPU
		{C76CE80C-C016-4A02-A45C-4FD5EDA8CC9A}.Debug|Any CPU.ActiveCfg = Debug|Any CPU
		{C76CE80C-C016-4A02-A45C-4FD5EDA8CC9A}.Debug|Any CPU.Build.0 = Debug|Any CPU
		{C76CE80C-C016-4A02-A45C-4FD5EDA8CC9A}.Debug|x64.ActiveCfg = Debug|Any CPU
		{C76CE80C-C016-4A02-A45C-4FD5EDA8CC9A}.Debug|x64.Build.0 = Debug|Any CPU
		{C76CE80C-C016-4A02-A45C-4FD5EDA8CC9A}.Debug|x86.ActiveCfg = Debug|Any CPU
		{C76CE80C-C016-4A02-A45C-4FD5EDA8CC9A}.Debug|x86.Build.0 = Debug|Any CPU
		{C76CE80C-C016-4A02-A45C-4FD5EDA8CC9A}.DVD-5|Any CPU.ActiveCfg = Debug|Any CPU
		{C76CE80C-C016-4A02-A45C-4FD5EDA8CC9A}.DVD-5|Any CPU.Build.0 = Debug|Any CPU
		{C76CE80C-C016-4A02-A45C-4FD5EDA8CC9A}.DVD-5|x64.ActiveCfg = Debug|Any CPU
		{C76CE80C-C016-4A02-A45C-4FD5EDA8CC9A}.DVD-5|x64.Build.0 = Debug|Any CPU
		{C76CE80C-C016-4A02-A45C-4FD5EDA8CC9A}.DVD-5|x86.ActiveCfg = Debug|Any CPU
		{C76CE80C-C016-4A02-A45C-4FD5EDA8CC9A}.DVD-5|x86.Build.0 = Debug|Any CPU
		{C76CE80C-C016-4A02-A45C-4FD5EDA8CC9A}.Release|Any CPU.ActiveCfg = Release|Any CPU
		{C76CE80C-C016-4A02-A45C-4FD5EDA8CC9A}.Release|Any CPU.Build.0 = Release|Any CPU
		{C76CE80C-C016-4A02-A45C-4FD5EDA8CC9A}.Release|x64.ActiveCfg = Release|Any CPU
		{C76CE80C-C016-4A02-A45C-4FD5EDA8CC9A}.Release|x64.Build.0 = Release|Any CPU
		{C76CE80C-C016-4A02-A45C-4FD5EDA8CC9A}.Release|x86.ActiveCfg = Release|Any CPU
		{C76CE80C-C016-4A02-A45C-4FD5EDA8CC9A}.Release|x86.Build.0 = Release|Any CPU
		{C76CE80C-C016-4A02-A45C-4FD5EDA8CC9A}.SingleImage|Any CPU.ActiveCfg = Testing|Any CPU
		{C76CE80C-C016-4A02-A45C-4FD5EDA8CC9A}.SingleImage|Any CPU.Build.0 = Testing|Any CPU
		{C76CE80C-C016-4A02-A45C-4FD5EDA8CC9A}.SingleImage|x64.ActiveCfg = Testing|Any CPU
		{C76CE80C-C016-4A02-A45C-4FD5EDA8CC9A}.SingleImage|x64.Build.0 = Testing|Any CPU
		{C76CE80C-C016-4A02-A45C-4FD5EDA8CC9A}.SingleImage|x86.ActiveCfg = Testing|Any CPU
		{C76CE80C-C016-4A02-A45C-4FD5EDA8CC9A}.SingleImage|x86.Build.0 = Testing|Any CPU
		{C76CE80C-C016-4A02-A45C-4FD5EDA8CC9A}.Staging|Any CPU.ActiveCfg = Staging|Any CPU
		{C76CE80C-C016-4A02-A45C-4FD5EDA8CC9A}.Staging|Any CPU.Build.0 = Staging|Any CPU
		{C76CE80C-C016-4A02-A45C-4FD5EDA8CC9A}.Staging|x64.ActiveCfg = Staging|Any CPU
		{C76CE80C-C016-4A02-A45C-4FD5EDA8CC9A}.Staging|x64.Build.0 = Staging|Any CPU
		{C76CE80C-C016-4A02-A45C-4FD5EDA8CC9A}.Staging|x86.ActiveCfg = Staging|Any CPU
		{C76CE80C-C016-4A02-A45C-4FD5EDA8CC9A}.Staging|x86.Build.0 = Staging|Any CPU
		{DB32E988-BC7B-4251-9C0C-C8168807E0C4}.CD_ROM|Any CPU.ActiveCfg = Release|Any CPU
		{DB32E988-BC7B-4251-9C0C-C8168807E0C4}.CD_ROM|Any CPU.Build.0 = Release|Any CPU
		{DB32E988-BC7B-4251-9C0C-C8168807E0C4}.CD_ROM|x64.ActiveCfg = Release|Any CPU
		{DB32E988-BC7B-4251-9C0C-C8168807E0C4}.CD_ROM|x64.Build.0 = Release|Any CPU
		{DB32E988-BC7B-4251-9C0C-C8168807E0C4}.CD_ROM|x86.ActiveCfg = Release|Any CPU
		{DB32E988-BC7B-4251-9C0C-C8168807E0C4}.CD_ROM|x86.Build.0 = Release|Any CPU
		{DB32E988-BC7B-4251-9C0C-C8168807E0C4}.Debug|Any CPU.ActiveCfg = Debug|Any CPU
		{DB32E988-BC7B-4251-9C0C-C8168807E0C4}.Debug|Any CPU.Build.0 = Debug|Any CPU
		{DB32E988-BC7B-4251-9C0C-C8168807E0C4}.Debug|x64.ActiveCfg = Debug|Any CPU
		{DB32E988-BC7B-4251-9C0C-C8168807E0C4}.Debug|x64.Build.0 = Debug|Any CPU
		{DB32E988-BC7B-4251-9C0C-C8168807E0C4}.Debug|x86.ActiveCfg = Debug|Any CPU
		{DB32E988-BC7B-4251-9C0C-C8168807E0C4}.Debug|x86.Build.0 = Debug|Any CPU
		{DB32E988-BC7B-4251-9C0C-C8168807E0C4}.DVD-5|Any CPU.ActiveCfg = Debug|Any CPU
		{DB32E988-BC7B-4251-9C0C-C8168807E0C4}.DVD-5|Any CPU.Build.0 = Debug|Any CPU
		{DB32E988-BC7B-4251-9C0C-C8168807E0C4}.DVD-5|x64.ActiveCfg = Debug|Any CPU
		{DB32E988-BC7B-4251-9C0C-C8168807E0C4}.DVD-5|x64.Build.0 = Debug|Any CPU
		{DB32E988-BC7B-4251-9C0C-C8168807E0C4}.DVD-5|x86.ActiveCfg = Debug|Any CPU
		{DB32E988-BC7B-4251-9C0C-C8168807E0C4}.DVD-5|x86.Build.0 = Debug|Any CPU
		{DB32E988-BC7B-4251-9C0C-C8168807E0C4}.Release|Any CPU.ActiveCfg = Release|Any CPU
		{DB32E988-BC7B-4251-9C0C-C8168807E0C4}.Release|Any CPU.Build.0 = Release|Any CPU
		{DB32E988-BC7B-4251-9C0C-C8168807E0C4}.Release|x64.ActiveCfg = Release|Any CPU
		{DB32E988-BC7B-4251-9C0C-C8168807E0C4}.Release|x64.Build.0 = Release|Any CPU
		{DB32E988-BC7B-4251-9C0C-C8168807E0C4}.Release|x86.ActiveCfg = Release|Any CPU
		{DB32E988-BC7B-4251-9C0C-C8168807E0C4}.Release|x86.Build.0 = Release|Any CPU
		{DB32E988-BC7B-4251-9C0C-C8168807E0C4}.SingleImage|Any CPU.ActiveCfg = Release|Any CPU
		{DB32E988-BC7B-4251-9C0C-C8168807E0C4}.SingleImage|Any CPU.Build.0 = Release|Any CPU
		{DB32E988-BC7B-4251-9C0C-C8168807E0C4}.SingleImage|x64.ActiveCfg = Release|Any CPU
		{DB32E988-BC7B-4251-9C0C-C8168807E0C4}.SingleImage|x64.Build.0 = Release|Any CPU
		{DB32E988-BC7B-4251-9C0C-C8168807E0C4}.SingleImage|x86.ActiveCfg = Release|Any CPU
		{DB32E988-BC7B-4251-9C0C-C8168807E0C4}.SingleImage|x86.Build.0 = Release|Any CPU
		{DB32E988-BC7B-4251-9C0C-C8168807E0C4}.Staging|Any CPU.ActiveCfg = Staging|Any CPU
		{DB32E988-BC7B-4251-9C0C-C8168807E0C4}.Staging|Any CPU.Build.0 = Staging|Any CPU
		{DB32E988-BC7B-4251-9C0C-C8168807E0C4}.Staging|x64.ActiveCfg = Staging|Any CPU
		{DB32E988-BC7B-4251-9C0C-C8168807E0C4}.Staging|x64.Build.0 = Staging|Any CPU
		{DB32E988-BC7B-4251-9C0C-C8168807E0C4}.Staging|x86.ActiveCfg = Staging|Any CPU
		{DB32E988-BC7B-4251-9C0C-C8168807E0C4}.Staging|x86.Build.0 = Staging|Any CPU
		{5FEE7940-52B5-41B5-975E-FEA53D6075C4}.CD_ROM|Any CPU.ActiveCfg = Release|Any CPU
		{5FEE7940-52B5-41B5-975E-FEA53D6075C4}.CD_ROM|Any CPU.Build.0 = Release|Any CPU
		{5FEE7940-52B5-41B5-975E-FEA53D6075C4}.CD_ROM|x64.ActiveCfg = Release|Any CPU
		{5FEE7940-52B5-41B5-975E-FEA53D6075C4}.CD_ROM|x64.Build.0 = Release|Any CPU
		{5FEE7940-52B5-41B5-975E-FEA53D6075C4}.CD_ROM|x86.ActiveCfg = Release|Any CPU
		{5FEE7940-52B5-41B5-975E-FEA53D6075C4}.CD_ROM|x86.Build.0 = Release|Any CPU
		{5FEE7940-52B5-41B5-975E-FEA53D6075C4}.Debug|Any CPU.ActiveCfg = Debug|Any CPU
		{5FEE7940-52B5-41B5-975E-FEA53D6075C4}.Debug|Any CPU.Build.0 = Debug|Any CPU
		{5FEE7940-52B5-41B5-975E-FEA53D6075C4}.Debug|x64.ActiveCfg = Debug|Any CPU
		{5FEE7940-52B5-41B5-975E-FEA53D6075C4}.Debug|x64.Build.0 = Debug|Any CPU
		{5FEE7940-52B5-41B5-975E-FEA53D6075C4}.Debug|x86.ActiveCfg = Debug|Any CPU
		{5FEE7940-52B5-41B5-975E-FEA53D6075C4}.Debug|x86.Build.0 = Debug|Any CPU
		{5FEE7940-52B5-41B5-975E-FEA53D6075C4}.DVD-5|Any CPU.ActiveCfg = Debug|Any CPU
		{5FEE7940-52B5-41B5-975E-FEA53D6075C4}.DVD-5|Any CPU.Build.0 = Debug|Any CPU
		{5FEE7940-52B5-41B5-975E-FEA53D6075C4}.DVD-5|x64.ActiveCfg = Debug|Any CPU
		{5FEE7940-52B5-41B5-975E-FEA53D6075C4}.DVD-5|x64.Build.0 = Debug|Any CPU
		{5FEE7940-52B5-41B5-975E-FEA53D6075C4}.DVD-5|x86.ActiveCfg = Debug|Any CPU
		{5FEE7940-52B5-41B5-975E-FEA53D6075C4}.DVD-5|x86.Build.0 = Debug|Any CPU
		{5FEE7940-52B5-41B5-975E-FEA53D6075C4}.Release|Any CPU.ActiveCfg = Release|Any CPU
		{5FEE7940-52B5-41B5-975E-FEA53D6075C4}.Release|Any CPU.Build.0 = Release|Any CPU
		{5FEE7940-52B5-41B5-975E-FEA53D6075C4}.Release|x64.ActiveCfg = Release|Any CPU
		{5FEE7940-52B5-41B5-975E-FEA53D6075C4}.Release|x64.Build.0 = Release|Any CPU
		{5FEE7940-52B5-41B5-975E-FEA53D6075C4}.Release|x86.ActiveCfg = Release|Any CPU
		{5FEE7940-52B5-41B5-975E-FEA53D6075C4}.Release|x86.Build.0 = Release|Any CPU
		{5FEE7940-52B5-41B5-975E-FEA53D6075C4}.SingleImage|Any CPU.ActiveCfg = Release|Any CPU
		{5FEE7940-52B5-41B5-975E-FEA53D6075C4}.SingleImage|Any CPU.Build.0 = Release|Any CPU
		{5FEE7940-52B5-41B5-975E-FEA53D6075C4}.SingleImage|x64.ActiveCfg = Release|Any CPU
		{5FEE7940-52B5-41B5-975E-FEA53D6075C4}.SingleImage|x64.Build.0 = Release|Any CPU
		{5FEE7940-52B5-41B5-975E-FEA53D6075C4}.SingleImage|x86.ActiveCfg = Release|Any CPU
		{5FEE7940-52B5-41B5-975E-FEA53D6075C4}.SingleImage|x86.Build.0 = Release|Any CPU
		{5FEE7940-52B5-41B5-975E-FEA53D6075C4}.Staging|Any CPU.ActiveCfg = Staging|Any CPU
		{5FEE7940-52B5-41B5-975E-FEA53D6075C4}.Staging|Any CPU.Build.0 = Staging|Any CPU
		{5FEE7940-52B5-41B5-975E-FEA53D6075C4}.Staging|x64.ActiveCfg = Staging|Any CPU
		{5FEE7940-52B5-41B5-975E-FEA53D6075C4}.Staging|x64.Build.0 = Staging|Any CPU
		{5FEE7940-52B5-41B5-975E-FEA53D6075C4}.Staging|x86.ActiveCfg = Staging|Any CPU
		{5FEE7940-52B5-41B5-975E-FEA53D6075C4}.Staging|x86.Build.0 = Staging|Any CPU
	EndGlobalSection
	GlobalSection(SolutionProperties) = preSolution
		HideSolutionNode = FALSE
	EndGlobalSection
	GlobalSection(NestedProjects) = preSolution
		{AC852E44-F72D-4467-8519-DEC781FC34CE} = {B1A907A1-2CE7-43F5-97D7-9867B6EEA280}
		{53A967A2-AED3-4335-A7C8-39096C6525B3} = {7584B841-B8E0-4D97-B7BD-C364B6F45D62}
		{C76CE80C-C016-4A02-A45C-4FD5EDA8CC9A} = {094BA920-B416-40E5-8391-D807F575286E}
		{DB32E988-BC7B-4251-9C0C-C8168807E0C4} = {B1A907A1-2CE7-43F5-97D7-9867B6EEA280}
		{5FEE7940-52B5-41B5-975E-FEA53D6075C4} = {B1A907A1-2CE7-43F5-97D7-9867B6EEA280}
	EndGlobalSection
EndGlobal
